
Microsoft Visual Studio Solution File, Format Version 12.00
# Visual Studio Version 17
VisualStudioVersion = 17.14.36518.9
MinimumVisualStudioVersion = 10.0.40219.1
Project("{2150E333-8FDC-42A3-9474-1A3956D46DE8}") = "Task0", "Task0", "{36D591C7-65C7-A0D1-1CBC-10CDE441BDC8}"
EndProject
Project("{FAE04EC0-301F-11D3-BF4B-00C04F79EFBC}") = "Tyuiu.ZjatkovDV.Sprint2.Task0.V10", "Tyuiu.ZjatkovDV.Sprint2.Task0.V10\Tyuiu.ZjatkovDV.Sprint2.Task0.V10.csproj", "{DA9B2A5A-8549-4F9A-B953-66104F6C7F72}"
EndProject
Project("{FAE04EC0-301F-11D3-BF4B-00C04F79EFBC}") = "Tyuiu.ZjatkovDV.Sprint2.Task0.V10.Lib", "Tyuiu.ZjatkovDV.Sprint2.Task0.V10.Lib\Tyuiu.ZjatkovDV.Sprint2.Task0.V10.Lib.csproj", "{B7DF5914-A3F0-4CA5-81BC-C6104020B8D4}"
EndProject
Project("{FAE04EC0-301F-11D3-BF4B-00C04F79EFBC}") = "Tyuiu.ZjatkovDV.Sprint2.Task0.V10.Test", "Tyuiu.ZjatkovDV.Sprint2.Task0.V10.Test\Tyuiu.ZjatkovDV.Sprint2.Task0.V10.Test.csproj", "{83374F8D-B394-478C-88DB-D7A28552AB26}"
EndProject
Project("{2150E333-8FDC-42A3-9474-1A3956D46DE8}") = "Task1", "Task1", "{D2C884AE-EDEB-47B8-8D34-2FC86F1DEB8D}"
EndProject
Project("{FAE04EC0-301F-11D3-BF4B-00C04F79EFBC}") = "Tyuiu.ZjatkovDV.Sprint2.Task1.V2", "Tyuiu.ZjatkovDV.Sprint2.Task1.V2\Tyuiu.ZjatkovDV.Sprint2.Task1.V2.csproj", "{C58EB96E-81BD-4A04-BA1C-27F23A8E64AB}"
EndProject
Project("{FAE04EC0-301F-11D3-BF4B-00C04F79EFBC}") = "Tyuiu.ZjatkovDV.Sprint2.Task1.V2.Lib", "Tyuiu.ZjatkovDV.Sprint2.Task1.V2.Lib\Tyuiu.ZjatkovDV.Sprint2.Task1.V2.Lib.csproj", "{4439C840-6496-4958-AEDA-90C5067E18A4}"
EndProject
Project("{FAE04EC0-301F-11D3-BF4B-00C04F79EFBC}") = "Tyuiu.ZjatkovDV.Sprint2.Task1.V2.Test", "Tyuiu.ZjatkovDV.Sprint2.Task1.V2.Test\Tyuiu.ZjatkovDV.Sprint2.Task1.V2.Test.csproj", "{5F085A3C-FF29-467D-870F-97CA50AFEA4D}"
EndProject
Project("{2150E333-8FDC-42A3-9474-1A3956D46DE8}") = "Task2", "Task2", "{3990119E-453D-406A-9B58-64B298D11C64}"
EndProject
Project("{FAE04EC0-301F-11D3-BF4B-00C04F79EFBC}") = "Tyuiu.ZjatkovDV.Sprint2.Task2.V7", "Tyuiu.ZjatkovDV.Sprint2.Task2.V7\Tyuiu.ZjatkovDV.Sprint2.Task2.V7.csproj", "{BA9945AC-2E48-4134-BA7E-5F2F74F3E6E7}"
EndProject
Project("{FAE04EC0-301F-11D3-BF4B-00C04F79EFBC}") = "Tyuiu.ZjatkovDV.Sprint2.Task2.V7.Lib", "Tyuiu.ZjatkovDV.Sprint2.Task2.V7.Lib\Tyuiu.ZjatkovDV.Sprint2.Task2.V7.Lib.csproj", "{6B5E58DB-4673-447B-B3EE-6A36C8F314D9}"
EndProject
Project("{FAE04EC0-301F-11D3-BF4B-00C04F79EFBC}") = "Tyuiu.ZjatkovDV.Sprint2.Task2.V7.Test", "Tyuiu.ZjatkovDV.Sprint2.Task2.V7.Test\Tyuiu.ZjatkovDV.Sprint2.Task2.V7.Test.csproj", "{07EC7C12-C49A-4A1E-9E12-42284B31CCDC}"
EndProject
Project("{2150E333-8FDC-42A3-9474-1A3956D46DE8}") = "Task3", "Task3", "{7D394600-DAD0-4B0F-B767-7D91689274D6}"
EndProject
Project("{FAE04EC0-301F-11D3-BF4B-00C04F79EFBC}") = "Tyuiu.ZjatkovDV.Sprint2.Task3.V20", "Tyuiu.ZjatkovDV.Sprint2.Task3.V20\Tyuiu.ZjatkovDV.Sprint2.Task3.V20.csproj", "{06F267E2-5D45-4192-A02A-34F4FC936BC4}"
EndProject
Project("{FAE04EC0-301F-11D3-BF4B-00C04F79EFBC}") = "Tyuiu.ZjatkovDV.Sprint2.Task3.V20.Lib", "Tyuiu.ZjatkovDV.Sprint2.Task3.V20.Lib\Tyuiu.ZjatkovDV.Sprint2.Task3.V20.Lib.csproj", "{C52E9B3D-D44D-437E-932C-30211900B37D}"
EndProject
Project("{FAE04EC0-301F-11D3-BF4B-00C04F79EFBC}") = "Tyuiu.ZjatkovDV.Sprint2.Task3.V20.Test", "Tyuiu.ZjatkovDV.Sprint2.Task3.V20.Test\Tyuiu.ZjatkovDV.Sprint2.Task3.V20.Test.csproj", "{28AD464F-AFFE-4FEB-9542-E619A381AC3E}"
EndProject
Project("{2150E333-8FDC-42A3-9474-1A3956D46DE8}") = "Task4", "Task4", "{E653C6FE-7465-4AE8-B630-A2A87288209E}"
EndProject
Project("{FAE04EC0-301F-11D3-BF4B-00C04F79EFBC}") = "Tyuiu.ZjatkovDV.Sprint2.Task4.V9", "Tyuiu.ZjatkovDV.Sprint2.Task4.V9\Tyuiu.ZjatkovDV.Sprint2.Task4.V9.csproj", "{0FDB9F10-AC10-4DF3-BA41-D970AC3D7BFE}"
EndProject
Project("{FAE04EC0-301F-11D3-BF4B-00C04F79EFBC}") = "Tyuiu.ZjatkovDV.Sprint2.Task4.V9.Lib", "Tyuiu.ZjatkovDV.Sprint2.Task4.V9.Lib\Tyuiu.ZjatkovDV.Sprint2.Task4.V9.Lib.csproj", "{2BB13D8C-CCC3-4ED1-B7CF-8EEEBA5826F2}"
EndProject
Project("{FAE04EC0-301F-11D3-BF4B-00C04F79EFBC}") = "Tyuiu.ZjatkovDV.Sprint2.Task4.V9.Test", "Tyuiu.ZjatkovDV.Sprint2.Task4.V9.Test\Tyuiu.ZjatkovDV.Sprint2.Task4.V9.Test.csproj", "{AA232533-E28E-4481-AE27-6FFF5FBB5EEC}"
EndProject
Project("{2150E333-8FDC-42A3-9474-1A3956D46DE8}") = "Task5", "Task5", "{93F27553-5ECA-4162-B022-1432DEDE85B1}"
EndProject
Project("{FAE04EC0-301F-11D3-BF4B-00C04F79EFBC}") = "Tyuiu.ZjatkovDV.Sprint2.Task5.V3", "Tyuiu.ZjatkovDV.Sprint2.Task5.V3\Tyuiu.ZjatkovDV.Sprint2.Task5.V3.csproj", "{4DD4B56F-F9B3-45DD-BDFA-28D66CA73E97}"
EndProject
Project("{FAE04EC0-301F-11D3-BF4B-00C04F79EFBC}") = "Tyuiu.ZjatkovDV.Sprint2.Task5.V3.Lib", "Tyuiu.ZjatkovDV.Sprint2.Task5.V3.Lib\Tyuiu.ZjatkovDV.Sprint2.Task5.V3.Lib.csproj", "{3A01B24A-DB09-4C68-A1AD-EAD4A22E5744}"
EndProject
Project("{FAE04EC0-301F-11D3-BF4B-00C04F79EFBC}") = "Tyuiu.ZjatkovDV.Sprint2.Task5.V3.Test", "Tyuiu.ZjatkovDV.Sprint2.Task5.V3.Test\Tyuiu.ZjatkovDV.Sprint2.Task5.V3.Test.csproj", "{ED51BDC1-AADC-43E4-89DB-E087EFC65D65}"
EndProject
Project("{2150E333-8FDC-42A3-9474-1A3956D46DE8}") = "Task6", "Task6", "{8AD934ED-9CD7-40F8-87A2-40BCA2E77AC2}"
EndProject
Project("{FAE04EC0-301F-11D3-BF4B-00C04F79EFBC}") = "Tyuiu.ZjatkovDV.Sprint2.Task6.V13", "Tyuiu.ZjatkovDV.Sprint2.Task6.V13\Tyuiu.ZjatkovDV.Sprint2.Task6.V13.csproj", "{4BAB3F9B-A92D-43DB-BCAA-5C0D014F4221}"
EndProject
Project("{FAE04EC0-301F-11D3-BF4B-00C04F79EFBC}") = "Tyuiu.ZjatkovDV.Sprint2.Task6.V13.Lib", "Tyuiu.ZjatkovDV.Sprint2.Task6.V13.Lib\Tyuiu.ZjatkovDV.Sprint2.Task6.V13.Lib.csproj", "{FB501700-7BC1-41C8-8023-E65B4CCFF291}"
EndProject
Project("{FAE04EC0-301F-11D3-BF4B-00C04F79EFBC}") = "Tyuiu.ZjatkovDV.Sprint2.Task6.V13.Test", "Tyuiu.ZjatkovDV.Sprint2.Task6.V13.Test\Tyuiu.ZjatkovDV.Sprint2.Task6.V13.Test.csproj", "{4BDBDCB0-D6DB-467C-AF66-848A5C7F02EC}"
EndProject
Global
	GlobalSection(SolutionConfigurationPlatforms) = preSolution
		Debug|Any CPU = Debug|Any CPU
		Release|Any CPU = Release|Any CPU
	EndGlobalSection
	GlobalSection(ProjectConfigurationPlatforms) = postSolution
		{DA9B2A5A-8549-4F9A-B953-66104F6C7F72}.Debug|Any CPU.ActiveCfg = Debug|Any CPU
		{DA9B2A5A-8549-4F9A-B953-66104F6C7F72}.Debug|Any CPU.Build.0 = Debug|Any CPU
		{DA9B2A5A-8549-4F9A-B953-66104F6C7F72}.Release|Any CPU.ActiveCfg = Release|Any CPU
		{DA9B2A5A-8549-4F9A-B953-66104F6C7F72}.Release|Any CPU.Build.0 = Release|Any CPU
		{B7DF5914-A3F0-4CA5-81BC-C6104020B8D4}.Debug|Any CPU.ActiveCfg = Debug|Any CPU
		{B7DF5914-A3F0-4CA5-81BC-C6104020B8D4}.Debug|Any CPU.Build.0 = Debug|Any CPU
		{B7DF5914-A3F0-4CA5-81BC-C6104020B8D4}.Release|Any CPU.ActiveCfg = Release|Any CPU
		{B7DF5914-A3F0-4CA5-81BC-C6104020B8D4}.Release|Any CPU.Build.0 = Release|Any CPU
		{83374F8D-B394-478C-88DB-D7A28552AB26}.Debug|Any CPU.ActiveCfg = Debug|Any CPU
		{83374F8D-B394-478C-88DB-D7A28552AB26}.Debug|Any CPU.Build.0 = Debug|Any CPU
		{83374F8D-B394-478C-88DB-D7A28552AB26}.Release|Any CPU.ActiveCfg = Release|Any CPU
		{83374F8D-B394-478C-88DB-D7A28552AB26}.Release|Any CPU.Build.0 = Release|Any CPU
		{C58EB96E-81BD-4A04-BA1C-27F23A8E64AB}.Debug|Any CPU.ActiveCfg = Debug|Any CPU
		{C58EB96E-81BD-4A04-BA1C-27F23A8E64AB}.Debug|Any CPU.Build.0 = Debug|Any CPU
		{C58EB96E-81BD-4A04-BA1C-27F23A8E64AB}.Release|Any CPU.ActiveCfg = Release|Any CPU
		{C58EB96E-81BD-4A04-BA1C-27F23A8E64AB}.Release|Any CPU.Build.0 = Release|Any CPU
		{4439C840-6496-4958-AEDA-90C5067E18A4}.Debug|Any CPU.ActiveCfg = Debug|Any CPU
		{4439C840-6496-4958-AEDA-90C5067E18A4}.Debug|Any CPU.Build.0 = Debug|Any CPU
		{4439C840-6496-4958-AEDA-90C5067E18A4}.Release|Any CPU.ActiveCfg = Release|Any CPU
		{4439C840-6496-4958-AEDA-90C5067E18A4}.Release|Any CPU.Build.0 = Release|Any CPU
		{5F085A3C-FF29-467D-870F-97CA50AFEA4D}.Debug|Any CPU.ActiveCfg = Debug|Any CPU
		{5F085A3C-FF29-467D-870F-97CA50AFEA4D}.Debug|Any CPU.Build.0 = Debug|Any CPU
		{5F085A3C-FF29-467D-870F-97CA50AFEA4D}.Release|Any CPU.ActiveCfg = Release|Any CPU
		{5F085A3C-FF29-467D-870F-97CA50AFEA4D}.Release|Any CPU.Build.0 = Release|Any CPU
		{BA9945AC-2E48-4134-BA7E-5F2F74F3E6E7}.Debug|Any CPU.ActiveCfg = Debug|Any CPU
		{BA9945AC-2E48-4134-BA7E-5F2F74F3E6E7}.Debug|Any CPU.Build.0 = Debug|Any CPU
		{BA9945AC-2E48-4134-BA7E-5F2F74F3E6E7}.Release|Any CPU.ActiveCfg = Release|Any CPU
		{BA9945AC-2E48-4134-BA7E-5F2F74F3E6E7}.Release|Any CPU.Build.0 = Release|Any CPU
		{6B5E58DB-4673-447B-B3EE-6A36C8F314D9}.Debug|Any CPU.ActiveCfg = Debug|Any CPU
		{6B5E58DB-4673-447B-B3EE-6A36C8F314D9}.Debug|Any CPU.Build.0 = Debug|Any CPU
		{6B5E58DB-4673-447B-B3EE-6A36C8F314D9}.Release|Any CPU.ActiveCfg = Release|Any CPU
		{6B5E58DB-4673-447B-B3EE-6A36C8F314D9}.Release|Any CPU.Build.0 = Release|Any CPU
		{07EC7C12-C49A-4A1E-9E12-42284B31CCDC}.Debug|Any CPU.ActiveCfg = Debug|Any CPU
		{07EC7C12-C49A-4A1E-9E12-42284B31CCDC}.Debug|Any CPU.Build.0 = Debug|Any CPU
		{07EC7C12-C49A-4A1E-9E12-42284B31CCDC}.Release|Any CPU.ActiveCfg = Release|Any CPU
		{07EC7C12-C49A-4A1E-9E12-42284B31CCDC}.Release|Any CPU.Build.0 = Release|Any CPU
		{06F267E2-5D45-4192-A02A-34F4FC936BC4}.Debug|Any CPU.ActiveCfg = Debug|Any CPU
		{06F267E2-5D45-4192-A02A-34F4FC936BC4}.Debug|Any CPU.Build.0 = Debug|Any CPU
		{06F267E2-5D45-4192-A02A-34F4FC936BC4}.Release|Any CPU.ActiveCfg = Release|Any CPU
		{06F267E2-5D45-4192-A02A-34F4FC936BC4}.Release|Any CPU.Build.0 = Release|Any CPU
		{C52E9B3D-D44D-437E-932C-30211900B37D}.Debug|Any CPU.ActiveCfg = Debug|Any CPU
		{C52E9B3D-D44D-437E-932C-30211900B37D}.Debug|Any CPU.Build.0 = Debug|Any CPU
		{C52E9B3D-D44D-437E-932C-30211900B37D}.Release|Any CPU.ActiveCfg = Release|Any CPU
		{C52E9B3D-D44D-437E-932C-30211900B37D}.Release|Any CPU.Build.0 = Release|Any CPU
		{28AD464F-AFFE-4FEB-9542-E619A381AC3E}.Debug|Any CPU.ActiveCfg = Debug|Any CPU
		{28AD464F-AFFE-4FEB-9542-E619A381AC3E}.Debug|Any CPU.Build.0 = Debug|Any CPU
		{28AD464F-AFFE-4FEB-9542-E619A381AC3E}.Release|Any CPU.ActiveCfg = Release|Any CPU
		{28AD464F-AFFE-4FEB-9542-E619A381AC3E}.Release|Any CPU.Build.0 = Release|Any CPU
		{0FDB9F10-AC10-4DF3-BA41-D970AC3D7BFE}.Debug|Any CPU.ActiveCfg = Debug|Any CPU
		{0FDB9F10-AC10-4DF3-BA41-D970AC3D7BFE}.Debug|Any CPU.Build.0 = Debug|Any CPU
		{0FDB9F10-AC10-4DF3-BA41-D970AC3D7BFE}.Release|Any CPU.ActiveCfg = Release|Any CPU
		{0FDB9F10-AC10-4DF3-BA41-D970AC3D7BFE}.Release|Any CPU.Build.0 = Release|Any CPU
		{2BB13D8C-CCC3-4ED1-B7CF-8EEEBA5826F2}.Debug|Any CPU.ActiveCfg = Debug|Any CPU
		{2BB13D8C-CCC3-4ED1-B7CF-8EEEBA5826F2}.Debug|Any CPU.Build.0 = Debug|Any CPU
		{2BB13D8C-CCC3-4ED1-B7CF-8EEEBA5826F2}.Release|Any CPU.ActiveCfg = Release|Any CPU
		{2BB13D8C-CCC3-4ED1-B7CF-8EEEBA5826F2}.Release|Any CPU.Build.0 = Release|Any CPU
		{AA232533-E28E-4481-AE27-6FFF5FBB5EEC}.Debug|Any CPU.ActiveCfg = Debug|Any CPU
		{AA232533-E28E-4481-AE27-6FFF5FBB5EEC}.Debug|Any CPU.Build.0 = Debug|Any CPU
		{AA232533-E28E-4481-AE27-6FFF5FBB5EEC}.Release|Any CPU.ActiveCfg = Release|Any CPU
		{AA232533-E28E-4481-AE27-6FFF5FBB5EEC}.Release|Any CPU.Build.0 = Release|Any CPU
		{4DD4B56F-F9B3-45DD-BDFA-28D66CA73E97}.Debug|Any CPU.ActiveCfg = Debug|Any CPU
		{4DD4B56F-F9B3-45DD-BDFA-28D66CA73E97}.Debug|Any CPU.Build.0 = Debug|Any CPU
		{4DD4B56F-F9B3-45DD-BDFA-28D66CA73E97}.Release|Any CPU.ActiveCfg = Release|Any CPU
		{4DD4B56F-F9B3-45DD-BDFA-28D66CA73E97}.Release|Any CPU.Build.0 = Release|Any CPU
		{3A01B24A-DB09-4C68-A1AD-EAD4A22E5744}.Debug|Any CPU.ActiveCfg = Debug|Any CPU
		{3A01B24A-DB09-4C68-A1AD-EAD4A22E5744}.Debug|Any CPU.Build.0 = Debug|Any CPU
		{3A01B24A-DB09-4C68-A1AD-EAD4A22E5744}.Release|Any CPU.ActiveCfg = Release|Any CPU
		{3A01B24A-DB09-4C68-A1AD-EAD4A22E5744}.Release|Any CPU.Build.0 = Release|Any CPU
		{ED51BDC1-AADC-43E4-89DB-E087EFC65D65}.Debug|Any CPU.ActiveCfg = Debug|Any CPU
		{ED51BDC1-AADC-43E4-89DB-E087EFC65D65}.Debug|Any CPU.Build.0 = Debug|Any CPU
		{ED51BDC1-AADC-43E4-89DB-E087EFC65D65}.Release|Any CPU.ActiveCfg = Release|Any CPU
		{ED51BDC1-AADC-43E4-89DB-E087EFC65D65}.Release|Any CPU.Build.0 = Release|Any CPU
		{4BAB3F9B-A92D-43DB-BCAA-5C0D014F4221}.Debug|Any CPU.ActiveCfg = Debug|Any CPU
		{4BAB3F9B-A92D-43DB-BCAA-5C0D014F4221}.Debug|Any CPU.Build.0 = Debug|Any CPU
		{4BAB3F9B-A92D-43DB-BCAA-5C0D014F4221}.Release|Any CPU.ActiveCfg = Release|Any CPU
		{4BAB3F9B-A92D-43DB-BCAA-5C0D014F4221}.Release|Any CPU.Build.0 = Release|Any CPU
		{FB501700-7BC1-41C8-8023-E65B4CCFF291}.Debug|Any CPU.ActiveCfg = Debug|Any CPU
		{FB501700-7BC1-41C8-8023-E65B4CCFF291}.Debug|Any CPU.Build.0 = Debug|Any CPU
		{FB501700-7BC1-41C8-8023-E65B4CCFF291}.Release|Any CPU.ActiveCfg = Release|Any CPU
		{FB501700-7BC1-41C8-8023-E65B4CCFF291}.Release|Any CPU.Build.0 = Release|Any CPU
		{4BDBDCB0-D6DB-467C-AF66-848A5C7F02EC}.Debug|Any CPU.ActiveCfg = Debug|Any CPU
		{4BDBDCB0-D6DB-467C-AF66-848A5C7F02EC}.Debug|Any CPU.Build.0 = Debug|Any CPU
		{4BDBDCB0-D6DB-467C-AF66-848A5C7F02EC}.Release|Any CPU.ActiveCfg = Release|Any CPU
		{4BDBDCB0-D6DB-467C-AF66-848A5C7F02EC}.Release|Any CPU.Build.0 = Release|Any CPU
	EndGlobalSection
	GlobalSection(SolutionProperties) = preSolution
		HideSolutionNode = FALSE
	EndGlobalSection
	GlobalSection(NestedProjects) = preSolution
		{DA9B2A5A-8549-4F9A-B953-66104F6C7F72} = {36D591C7-65C7-A0D1-1CBC-10CDE441BDC8}
		{B7DF5914-A3F0-4CA5-81BC-C6104020B8D4} = {36D591C7-65C7-A0D1-1CBC-10CDE441BDC8}
		{83374F8D-B394-478C-88DB-D7A28552AB26} = {36D591C7-65C7-A0D1-1CBC-10CDE441BDC8}
		{C58EB96E-81BD-4A04-BA1C-27F23A8E64AB} = {D2C884AE-EDEB-47B8-8D34-2FC86F1DEB8D}
		{4439C840-6496-4958-AEDA-90C5067E18A4} = {D2C884AE-EDEB-47B8-8D34-2FC86F1DEB8D}
		{5F085A3C-FF29-467D-870F-97CA50AFEA4D} = {D2C884AE-EDEB-47B8-8D34-2FC86F1DEB8D}
		{BA9945AC-2E48-4134-BA7E-5F2F74F3E6E7} = {3990119E-453D-406A-9B58-64B298D11C64}
		{6B5E58DB-4673-447B-B3EE-6A36C8F314D9} = {3990119E-453D-406A-9B58-64B298D11C64}
		{07EC7C12-C49A-4A1E-9E12-42284B31CCDC} = {3990119E-453D-406A-9B58-64B298D11C64}
		{06F267E2-5D45-4192-A02A-34F4FC936BC4} = {7D394600-DAD0-4B0F-B767-7D91689274D6}
		{C52E9B3D-D44D-437E-932C-30211900B37D} = {7D394600-DAD0-4B0F-B767-7D91689274D6}
		{28AD464F-AFFE-4FEB-9542-E619A381AC3E} = {7D394600-DAD0-4B0F-B767-7D91689274D6}
		{0FDB9F10-AC10-4DF3-BA41-D970AC3D7BFE} = {E653C6FE-7465-4AE8-B630-A2A87288209E}
		{2BB13D8C-CCC3-4ED1-B7CF-8EEEBA5826F2} = {E653C6FE-7465-4AE8-B630-A2A87288209E}
		{AA232533-E28E-4481-AE27-6FFF5FBB5EEC} = {E653C6FE-7465-4AE8-B630-A2A87288209E}
		{4DD4B56F-F9B3-45DD-BDFA-28D66CA73E97} = {93F27553-5ECA-4162-B022-1432DEDE85B1}
		{3A01B24A-DB09-4C68-A1AD-EAD4A22E5744} = {93F27553-5ECA-4162-B022-1432DEDE85B1}
		{ED51BDC1-AADC-43E4-89DB-E087EFC65D65} = {93F27553-5ECA-4162-B022-1432DEDE85B1}
		{4BAB3F9B-A92D-43DB-BCAA-5C0D014F4221} = {8AD934ED-9CD7-40F8-87A2-40BCA2E77AC2}
		{FB501700-7BC1-41C8-8023-E65B4CCFF291} = {8AD934ED-9CD7-40F8-87A2-40BCA2E77AC2}
		{4BDBDCB0-D6DB-467C-AF66-848A5C7F02EC} = {8AD934ED-9CD7-40F8-87A2-40BCA2E77AC2}
	EndGlobalSection
	GlobalSection(ExtensibilityGlobals) = postSolution
		SolutionGuid = {84660599-E40C-4024-83A4-AC165CE3B97F}
	EndGlobalSection
EndGlobal
